
Microsoft Visual Studio Solution File, Format Version 12.00
# Visual Studio Version 16
VisualStudioVersion = 16.0.29509.3
MinimumVisualStudioVersion = 10.0.40219.1
Project("{9A19103F-16F7-4668-BE54-9A1E7A4F7556}") = "AWS.D365.Helper", "AWS.D365.Helper\AWS.D365.Helper.csproj", "{460A8C87-9557-4985-A221-82C13913E5B4}"
EndProject
Project("{9A19103F-16F7-4668-BE54-9A1E7A4F7556}") = "DynamicsWrapper", "DynamicsWrapper\DynamicsWrapper.csproj", "{78400896-3B0E-4657-ADA4-D02792BC0A8E}"
EndProject
Global
	GlobalSection(SolutionConfigurationPlatforms) = preSolution
		Debug|Any CPU = Debug|Any CPU
		Release|Any CPU = Release|Any CPU
	EndGlobalSection
	GlobalSection(ProjectConfigurationPlatforms) = postSolution
		{460A8C87-9557-4985-A221-82C13913E5B4}.Debug|Any CPU.ActiveCfg = Debug|Any CPU
		{460A8C87-9557-4985-A221-82C13913E5B4}.Debug|Any CPU.Build.0 = Debug|Any CPU
		{460A8C87-9557-4985-A221-82C13913E5B4}.Release|Any CPU.ActiveCfg = Release|Any CPU
		{460A8C87-9557-4985-A221-82C13913E5B4}.Release|Any CPU.Build.0 = Release|Any CPU
		{78400896-3B0E-4657-ADA4-D02792BC0A8E}.Debug|Any CPU.ActiveCfg = Debug|Any CPU
		{78400896-3B0E-4657-ADA4-D02792BC0A8E}.Debug|Any CPU.Build.0 = Debug|Any CPU
		{78400896-3B0E-4657-ADA4-D02792BC0A8E}.Release|Any CPU.ActiveCfg = Release|Any CPU
		{78400896-3B0E-4657-ADA4-D02792BC0A8E}.Release|Any CPU.Build.0 = Release|Any CPU
	EndGlobalSection
	GlobalSection(SolutionProperties) = preSolution
		HideSolutionNode = FALSE
	EndGlobalSection
	GlobalSection(ExtensibilityGlobals) = postSolution
		SolutionGuid = {A41820D0-62A5-4528-870A-3A685D5E4B16}
	EndGlobalSection
EndGlobal
